
Microsoft Visual Studio Solution File, Format Version 12.00
# Visual Studio Version 17
VisualStudioVersion = 17.5.002.0
MinimumVisualStudioVersion = 10.0.40219.1
Project("{9A19103F-16F7-4668-BE54-9A1E7A4F7556}") = "pruebaJson", "pruebaJson.csproj", "{096CB2E8-A30B-4FAF-96A6-48A9BC1EE20B}"
EndProject
Global
	GlobalSection(SolutionConfigurationPlatforms) = preSolution
		Debug|Any CPU = Debug|Any CPU
		Release|Any CPU = Release|Any CPU
	EndGlobalSection
	GlobalSection(ProjectConfigurationPlatforms) = postSolution
		{096CB2E8-A30B-4FAF-96A6-48A9BC1EE20B}.Debug|Any CPU.ActiveCfg = Debug|Any CPU
		{096CB2E8-A30B-4FAF-96A6-48A9BC1EE20B}.Debug|Any CPU.Build.0 = Debug|Any CPU
		{096CB2E8-A30B-4FAF-96A6-48A9BC1EE20B}.Release|Any CPU.ActiveCfg = Release|Any CPU
		{096CB2E8-A30B-4FAF-96A6-48A9BC1EE20B}.Release|Any CPU.Build.0 = Release|Any CPU
	EndGlobalSection
	GlobalSection(SolutionProperties) = preSolution
		HideSolutionNode = FALSE
	EndGlobalSection
	GlobalSection(ExtensibilityGlobals) = postSolution
		SolutionGuid = {6309A996-9054-40D7-9967-E4653A0E5134}
	EndGlobalSection
EndGlobal
